
Microsoft Visual Studio Solution File, Format Version 12.00
# Visual Studio Version 17
VisualStudioVersion = 17.5.002.0
MinimumVisualStudioVersion = 10.0.40219.1
Project("{9A19103F-16F7-4668-BE54-9A1E7A4F7556}") = "ExemploFundamentos", "ExemploFundamentos\ExemploFundamentos.csproj", "{E330CCD6-343A-4E99-9C61-36FAE3AA6A95}"
EndProject
Global
	GlobalSection(SolutionConfigurationPlatforms) = preSolution
		Debug|Any CPU = Debug|Any CPU
		Release|Any CPU = Release|Any CPU
	EndGlobalSection
	GlobalSection(ProjectConfigurationPlatforms) = postSolution
		{E330CCD6-343A-4E99-9C61-36FAE3AA6A95}.Debug|Any CPU.ActiveCfg = Debug|Any CPU
		{E330CCD6-343A-4E99-9C61-36FAE3AA6A95}.Debug|Any CPU.Build.0 = Debug|Any CPU
		{E330CCD6-343A-4E99-9C61-36FAE3AA6A95}.Release|Any CPU.ActiveCfg = Release|Any CPU
		{E330CCD6-343A-4E99-9C61-36FAE3AA6A95}.Release|Any CPU.Build.0 = Release|Any CPU
	EndGlobalSection
	GlobalSection(SolutionProperties) = preSolution
		HideSolutionNode = FALSE
	EndGlobalSection
	GlobalSection(ExtensibilityGlobals) = postSolution
		SolutionGuid = {E08C4E6C-1944-4E62-B8AA-F605631B7DD1}
	EndGlobalSection
EndGlobal
